// !$*UTF8*$!
{
	archiveVersion = 1;
	classes = {
	};
	objectVersion = 56;
	objects = {

/* Begin PBXBuildFile section */
		C0069AE22A7CD720005E8128 /* StartCollectionViewCell.swift in Sources */ = {isa = PBXBuildFile; fileRef = C0069AE02A7CD720005E8128 /* StartCollectionViewCell.swift */; };
		C0069AE32A7CD720005E8128 /* StartCollectionViewCell.xib in Resources */ = {isa = PBXBuildFile; fileRef = C0069AE12A7CD720005E8128 /* StartCollectionViewCell.xib */; };
		C0069AE52A7CD8DD005E8128 /* Protocol+CollectionViewCell.swift in Sources */ = {isa = PBXBuildFile; fileRef = C0069AE42A7CD8DD005E8128 /* Protocol+CollectionViewCell.swift */; };
		C0069AE82A7CDD88005E8128 /* Tamagotchi.swift in Sources */ = {isa = PBXBuildFile; fileRef = C0069AE72A7CDD88005E8128 /* Tamagotchi.swift */; };
		C0069AEB2A7CF039005E8128 /* Extension+UIColor.swift in Sources */ = {isa = PBXBuildFile; fileRef = C0069AEA2A7CF039005E8128 /* Extension+UIColor.swift */; };
		C0069AEF2A7E037C005E8128 /* TamagotchiInfo.swift in Sources */ = {isa = PBXBuildFile; fileRef = C0069AEE2A7E037C005E8128 /* TamagotchiInfo.swift */; };
		C0069AF32A7E079D005E8128 /* PopupSelectTamagotchiVC.swift in Sources */ = {isa = PBXBuildFile; fileRef = C0069AF22A7E079D005E8128 /* PopupSelectTamagotchiVC.swift */; };
		C0069AF52A7E0BE6005E8128 /* Extension+ViewController.swift in Sources */ = {isa = PBXBuildFile; fileRef = C0069AF42A7E0BE6005E8128 /* Extension+ViewController.swift */; };
		C0069AF92A7E3508005E8128 /* Extension+View.swift in Sources */ = {isa = PBXBuildFile; fileRef = C0069AF82A7E3508005E8128 /* Extension+View.swift */; };
		C0069AFB2A7E372A005E8128 /* Extension+UserDefaults.swift in Sources */ = {isa = PBXBuildFile; fileRef = C0069AFA2A7E372A005E8128 /* Extension+UserDefaults.swift */; };
		C0069AFD2A7E3911005E8128 /* UserInfo.swift in Sources */ = {isa = PBXBuildFile; fileRef = C0069AFC2A7E3911005E8128 /* UserInfo.swift */; };
		C0069AFF2A7E39BD005E8128 /* MainVC.swift in Sources */ = {isa = PBXBuildFile; fileRef = C0069AFE2A7E39BD005E8128 /* MainVC.swift */; };
		C0069B022A7E518A005E8128 /* Enum+Storyboard.swift in Sources */ = {isa = PBXBuildFile; fileRef = C0069B012A7E518A005E8128 /* Enum+Storyboard.swift */; };
		C00F2DEE2A7CBAAC004729B9 /* AppDelegate.swift in Sources */ = {isa = PBXBuildFile; fileRef = C00F2DED2A7CBAAC004729B9 /* AppDelegate.swift */; };
		C00F2DF02A7CBAAC004729B9 /* SceneDelegate.swift in Sources */ = {isa = PBXBuildFile; fileRef = C00F2DEF2A7CBAAC004729B9 /* SceneDelegate.swift */; };
		C00F2DF22A7CBAAC004729B9 /* SelectTamagotchiVC.swift in Sources */ = {isa = PBXBuildFile; fileRef = C00F2DF12A7CBAAC004729B9 /* SelectTamagotchiVC.swift */; };
		C00F2DF52A7CBAAC004729B9 /* Main.storyboard in Resources */ = {isa = PBXBuildFile; fileRef = C00F2DF32A7CBAAC004729B9 /* Main.storyboard */; };
		C00F2DF72A7CBAAD004729B9 /* Assets.xcassets in Resources */ = {isa = PBXBuildFile; fileRef = C00F2DF62A7CBAAD004729B9 /* Assets.xcassets */; };
		C00F2DFA2A7CBAAD004729B9 /* LaunchScreen.storyboard in Resources */ = {isa = PBXBuildFile; fileRef = C00F2DF82A7CBAAD004729B9 /* LaunchScreen.storyboard */; };
		C00F2E052A7CD47D004729B9 /* Protocol+UIViewController.swift in Sources */ = {isa = PBXBuildFile; fileRef = C00F2E042A7CD47D004729B9 /* Protocol+UIViewController.swift */; };
/* End PBXBuildFile section */

/* Begin PBXFileReference section */
		C0069AE02A7CD720005E8128 /* StartCollectionViewCell.swift */ = {isa = PBXFileReference; lastKnownFileType = sourcecode.swift; path = StartCollectionViewCell.swift; sourceTree = SOURCE_ROOT; };
		C0069AE12A7CD720005E8128 /* StartCollectionViewCell.xib */ = {isa = PBXFileReference; lastKnownFileType = file.xib; path = StartCollectionViewCell.xib; sourceTree = SOURCE_ROOT; };
		C0069AE42A7CD8DD005E8128 /* Protocol+CollectionViewCell.swift */ = {isa = PBXFileReference; lastKnownFileType = sourcecode.swift; path = "Protocol+CollectionViewCell.swift"; sourceTree = "<group>"; };
		C0069AE72A7CDD88005E8128 /* Tamagotchi.swift */ = {isa = PBXFileReference; lastKnownFileType = sourcecode.swift; path = Tamagotchi.swift; sourceTree = "<group>"; };
		C0069AEA2A7CF039005E8128 /* Extension+UIColor.swift */ = {isa = PBXFileReference; lastKnownFileType = sourcecode.swift; path = "Extension+UIColor.swift"; sourceTree = "<group>"; };
		C0069AEE2A7E037C005E8128 /* TamagotchiInfo.swift */ = {isa = PBXFileReference; lastKnownFileType = sourcecode.swift; path = TamagotchiInfo.swift; sourceTree = "<group>"; };
		C0069AF22A7E079D005E8128 /* PopupSelectTamagotchiVC.swift */ = {isa = PBXFileReference; lastKnownFileType = sourcecode.swift; path = PopupSelectTamagotchiVC.swift; sourceTree = "<group>"; };
		C0069AF42A7E0BE6005E8128 /* Extension+ViewController.swift */ = {isa = PBXFileReference; lastKnownFileType = sourcecode.swift; path = "Extension+ViewController.swift"; sourceTree = "<group>"; };
		C0069AF82A7E3508005E8128 /* Extension+View.swift */ = {isa = PBXFileReference; lastKnownFileType = sourcecode.swift; path = "Extension+View.swift"; sourceTree = "<group>"; };
		C0069AFA2A7E372A005E8128 /* Extension+UserDefaults.swift */ = {isa = PBXFileReference; lastKnownFileType = sourcecode.swift; path = "Extension+UserDefaults.swift"; sourceTree = "<group>"; };
		C0069AFC2A7E3911005E8128 /* UserInfo.swift */ = {isa = PBXFileReference; lastKnownFileType = sourcecode.swift; path = UserInfo.swift; sourceTree = "<group>"; };
		C0069AFE2A7E39BD005E8128 /* MainVC.swift */ = {isa = PBXFileReference; lastKnownFileType = sourcecode.swift; name = MainVC.swift; path = Recap/Storyboard/MainVC.swift; sourceTree = SOURCE_ROOT; };
		C0069B012A7E518A005E8128 /* Enum+Storyboard.swift */ = {isa = PBXFileReference; lastKnownFileType = sourcecode.swift; path = "Enum+Storyboard.swift"; sourceTree = "<group>"; };
		C00F2DEA2A7CBAAC004729B9 /* Recap.app */ = {isa = PBXFileReference; explicitFileType = wrapper.application; includeInIndex = 0; path = Recap.app; sourceTree = BUILT_PRODUCTS_DIR; };
		C00F2DED2A7CBAAC004729B9 /* AppDelegate.swift */ = {isa = PBXFileReference; lastKnownFileType = sourcecode.swift; path = AppDelegate.swift; sourceTree = "<group>"; };
		C00F2DEF2A7CBAAC004729B9 /* SceneDelegate.swift */ = {isa = PBXFileReference; lastKnownFileType = sourcecode.swift; path = SceneDelegate.swift; sourceTree = "<group>"; };
		C00F2DF12A7CBAAC004729B9 /* SelectTamagotchiVC.swift */ = {isa = PBXFileReference; lastKnownFileType = sourcecode.swift; path = SelectTamagotchiVC.swift; sourceTree = "<group>"; };
		C00F2DF42A7CBAAC004729B9 /* Base */ = {isa = PBXFileReference; lastKnownFileType = file.storyboard; name = Base; path = Base.lproj/Main.storyboard; sourceTree = "<group>"; };
		C00F2DF62A7CBAAD004729B9 /* Assets.xcassets */ = {isa = PBXFileReference; lastKnownFileType = folder.assetcatalog; path = Assets.xcassets; sourceTree = "<group>"; };
		C00F2DF92A7CBAAD004729B9 /* Base */ = {isa = PBXFileReference; lastKnownFileType = file.storyboard; name = Base; path = Base.lproj/LaunchScreen.storyboard; sourceTree = "<group>"; };
		C00F2DFB2A7CBAAD004729B9 /* Info.plist */ = {isa = PBXFileReference; lastKnownFileType = text.plist.xml; path = Info.plist; sourceTree = "<group>"; };
		C00F2E042A7CD47D004729B9 /* Protocol+UIViewController.swift */ = {isa = PBXFileReference; lastKnownFileType = sourcecode.swift; path = "Protocol+UIViewController.swift"; sourceTree = "<group>"; };
/* End PBXFileReference section */

/* Begin PBXFrameworksBuildPhase section */
		C00F2DE72A7CBAAC004729B9 /* Frameworks */ = {
			isa = PBXFrameworksBuildPhase;
			buildActionMask = 2147483647;
			files = (
			);
			runOnlyForDeploymentPostprocessing = 0;
		};
/* End PBXFrameworksBuildPhase section */

/* Begin PBXGroup section */
		C0069ADF2A7CD631005E8128 /* Cell */ = {
			isa = PBXGroup;
			children = (
				C0069AE02A7CD720005E8128 /* StartCollectionViewCell.swift */,
				C0069AE12A7CD720005E8128 /* StartCollectionViewCell.xib */,
			);
			path = Cell;
			sourceTree = "<group>";
		};
		C0069AE62A7CDCC5005E8128 /* Model */ = {
			isa = PBXGroup;
			children = (
				C0069AE72A7CDD88005E8128 /* Tamagotchi.swift */,
				C0069AEE2A7E037C005E8128 /* TamagotchiInfo.swift */,
				C0069AFC2A7E3911005E8128 /* UserInfo.swift */,
			);
			path = Model;
			sourceTree = "<group>";
		};
		C0069AE92A7CF026005E8128 /* Extension */ = {
			isa = PBXGroup;
			children = (
				C0069AEA2A7CF039005E8128 /* Extension+UIColor.swift */,
				C0069AF42A7E0BE6005E8128 /* Extension+ViewController.swift */,
				C0069AF82A7E3508005E8128 /* Extension+View.swift */,
				C0069AFA2A7E372A005E8128 /* Extension+UserDefaults.swift */,
			);
			path = Extension;
			sourceTree = "<group>";
		};
		C0069B002A7E515D005E8128 /* Enum */ = {
			isa = PBXGroup;
			children = (
				C0069B012A7E518A005E8128 /* Enum+Storyboard.swift */,
			);
			path = Enum;
			sourceTree = "<group>";
		};
		C00F2DE12A7CBAAC004729B9 = {
			isa = PBXGroup;
			children = (
				C00F2DEC2A7CBAAC004729B9 /* Recap */,
				C00F2DEB2A7CBAAC004729B9 /* Products */,
			);
			sourceTree = "<group>";
		};
		C00F2DEB2A7CBAAC004729B9 /* Products */ = {
			isa = PBXGroup;
			children = (
				C00F2DEA2A7CBAAC004729B9 /* Recap.app */,
			);
			name = Products;
			sourceTree = "<group>";
		};
		C00F2DEC2A7CBAAC004729B9 /* Recap */ = {
			isa = PBXGroup;
			children = (
				C0069B002A7E515D005E8128 /* Enum */,
				C0069AE92A7CF026005E8128 /* Extension */,
				C0069AE62A7CDCC5005E8128 /* Model */,
				C0069ADF2A7CD631005E8128 /* Cell */,
				C00F2E032A7CD419004729B9 /* Protocol */,
				C00F2E022A7CD0AE004729B9 /* Storyboard */,
				C00F2E012A7CD084004729B9 /* VC */,
				C00F2DED2A7CBAAC004729B9 /* AppDelegate.swift */,
				C00F2DEF2A7CBAAC004729B9 /* SceneDelegate.swift */,
				C00F2DF62A7CBAAD004729B9 /* Assets.xcassets */,
				C00F2DF82A7CBAAD004729B9 /* LaunchScreen.storyboard */,
				C00F2DFB2A7CBAAD004729B9 /* Info.plist */,
			);
			path = Recap;
			sourceTree = "<group>";
		};
		C00F2E012A7CD084004729B9 /* VC */ = {
			isa = PBXGroup;
			children = (
				C0069AFE2A7E39BD005E8128 /* MainVC.swift */,
				C00F2DF12A7CBAAC004729B9 /* SelectTamagotchiVC.swift */,
				C0069AF22A7E079D005E8128 /* PopupSelectTamagotchiVC.swift */,
			);
			path = VC;
			sourceTree = "<group>";
		};
		C00F2E022A7CD0AE004729B9 /* Storyboard */ = {
			isa = PBXGroup;
			children = (
				C00F2DF32A7CBAAC004729B9 /* Main.storyboard */,
			);
			path = Storyboard;
			sourceTree = "<group>";
		};
		C00F2E032A7CD419004729B9 /* Protocol */ = {
			isa = PBXGroup;
			children = (
				C00F2E042A7CD47D004729B9 /* Protocol+UIViewController.swift */,
				C0069AE42A7CD8DD005E8128 /* Protocol+CollectionViewCell.swift */,
			);
			path = Protocol;
			sourceTree = "<group>";
		};
/* End PBXGroup section */

/* Begin PBXNativeTarget section */
		C00F2DE92A7CBAAC004729B9 /* Recap */ = {
			isa = PBXNativeTarget;
			buildConfigurationList = C00F2DFE2A7CBAAD004729B9 /* Build configuration list for PBXNativeTarget "Recap" */;
			buildPhases = (
				C00F2DE62A7CBAAC004729B9 /* Sources */,
				C00F2DE72A7CBAAC004729B9 /* Frameworks */,
				C00F2DE82A7CBAAC004729B9 /* Resources */,
			);
			buildRules = (
			);
			dependencies = (
			);
			name = Recap;
			productName = Recap;
			productReference = C00F2DEA2A7CBAAC004729B9 /* Recap.app */;
			productType = "com.apple.product-type.application";
		};
/* End PBXNativeTarget section */

/* Begin PBXProject section */
		C00F2DE22A7CBAAC004729B9 /* Project object */ = {
			isa = PBXProject;
			attributes = {
				BuildIndependentTargetsInParallel = 1;
				LastSwiftUpdateCheck = 1430;
				LastUpgradeCheck = 1430;
				TargetAttributes = {
					C00F2DE92A7CBAAC004729B9 = {
						CreatedOnToolsVersion = 14.3.1;
					};
				};
			};
			buildConfigurationList = C00F2DE52A7CBAAC004729B9 /* Build configuration list for PBXProject "Recap" */;
			compatibilityVersion = "Xcode 14.0";
			developmentRegion = en;
			hasScannedForEncodings = 0;
			knownRegions = (
				en,
				Base,
			);
			mainGroup = C00F2DE12A7CBAAC004729B9;
			productRefGroup = C00F2DEB2A7CBAAC004729B9 /* Products */;
			projectDirPath = "";
			projectRoot = "";
			targets = (
				C00F2DE92A7CBAAC004729B9 /* Recap */,
			);
		};
/* End PBXProject section */

/* Begin PBXResourcesBuildPhase section */
		C00F2DE82A7CBAAC004729B9 /* Resources */ = {
			isa = PBXResourcesBuildPhase;
			buildActionMask = 2147483647;
			files = (
				C00F2DFA2A7CBAAD004729B9 /* LaunchScreen.storyboard in Resources */,
				C0069AE32A7CD720005E8128 /* StartCollectionViewCell.xib in Resources */,
				C00F2DF72A7CBAAD004729B9 /* Assets.xcassets in Resources */,
				C00F2DF52A7CBAAC004729B9 /* Main.storyboard in Resources */,
			);
			runOnlyForDeploymentPostprocessing = 0;
		};
/* End PBXResourcesBuildPhase section */

/* Begin PBXSourcesBuildPhase section */
		C00F2DE62A7CBAAC004729B9 /* Sources */ = {
			isa = PBXSourcesBuildPhase;
			buildActionMask = 2147483647;
			files = (
				C0069AE52A7CD8DD005E8128 /* Protocol+CollectionViewCell.swift in Sources */,
				C0069AFF2A7E39BD005E8128 /* MainVC.swift in Sources */,
				C0069AEB2A7CF039005E8128 /* Extension+UIColor.swift in Sources */,
				C00F2E052A7CD47D004729B9 /* Protocol+UIViewController.swift in Sources */,
				C00F2DF22A7CBAAC004729B9 /* SelectTamagotchiVC.swift in Sources */,
				C0069AF52A7E0BE6005E8128 /* Extension+ViewController.swift in Sources */,
				C0069AE82A7CDD88005E8128 /* Tamagotchi.swift in Sources */,
				C0069AFD2A7E3911005E8128 /* UserInfo.swift in Sources */,
				C0069AFB2A7E372A005E8128 /* Extension+UserDefaults.swift in Sources */,
				C0069B022A7E518A005E8128 /* Enum+Storyboard.swift in Sources */,
				C00F2DEE2A7CBAAC004729B9 /* AppDelegate.swift in Sources */,
				C0069AF32A7E079D005E8128 /* PopupSelectTamagotchiVC.swift in Sources */,
				C0069AE22A7CD720005E8128 /* StartCollectionViewCell.swift in Sources */,
				C0069AEF2A7E037C005E8128 /* TamagotchiInfo.swift in Sources */,
				C0069AF92A7E3508005E8128 /* Extension+View.swift in Sources */,
				C00F2DF02A7CBAAC004729B9 /* SceneDelegate.swift in Sources */,
			);
			runOnlyForDeploymentPostprocessing = 0;
		};
/* End PBXSourcesBuildPhase section */

/* Begin PBXVariantGroup section */
		C00F2DF32A7CBAAC004729B9 /* Main.storyboard */ = {
			isa = PBXVariantGroup;
			children = (
				C00F2DF42A7CBAAC004729B9 /* Base */,
			);
			name = Main.storyboard;
			sourceTree = "<group>";
		};
		C00F2DF82A7CBAAD004729B9 /* LaunchScreen.storyboard */ = {
			isa = PBXVariantGroup;
			children = (
				C00F2DF92A7CBAAD004729B9 /* Base */,
			);
			name = LaunchScreen.storyboard;
			sourceTree = "<group>";
		};
/* End PBXVariantGroup section */

/* Begin XCBuildConfiguration section */
		C00F2DFC2A7CBAAD004729B9 /* Debug */ = {
			isa = XCBuildConfiguration;
			buildSettings = {
				ALWAYS_SEARCH_USER_PATHS = NO;
				CLANG_ANALYZER_NONNULL = YES;
				CLANG_ANALYZER_NUMBER_OBJECT_CONVERSION = YES_AGGRESSIVE;
				CLANG_CXX_LANGUAGE_STANDARD = "gnu++20";
				CLANG_ENABLE_MODULES = YES;
				CLANG_ENABLE_OBJC_ARC = YES;
				CLANG_ENABLE_OBJC_WEAK = YES;
				CLANG_WARN_BLOCK_CAPTURE_AUTORELEASING = YES;
				CLANG_WARN_BOOL_CONVERSION = YES;
				CLANG_WARN_COMMA = YES;
				CLANG_WARN_CONSTANT_CONVERSION = YES;
				CLANG_WARN_DEPRECATED_OBJC_IMPLEMENTATIONS = YES;
				CLANG_WARN_DIRECT_OBJC_ISA_USAGE = YES_ERROR;
				CLANG_WARN_DOCUMENTATION_COMMENTS = YES;
				CLANG_WARN_EMPTY_BODY = YES;
				CLANG_WARN_ENUM_CONVERSION = YES;
				CLANG_WARN_INFINITE_RECURSION = YES;
				CLANG_WARN_INT_CONVERSION = YES;
				CLANG_WARN_NON_LITERAL_NULL_CONVERSION = YES;
				CLANG_WARN_OBJC_IMPLICIT_RETAIN_SELF = YES;
				CLANG_WARN_OBJC_LITERAL_CONVERSION = YES;
				CLANG_WARN_OBJC_ROOT_CLASS = YES_ERROR;
				CLANG_WARN_QUOTED_INCLUDE_IN_FRAMEWORK_HEADER = YES;
				CLANG_WARN_RANGE_LOOP_ANALYSIS = YES;
				CLANG_WARN_STRICT_PROTOTYPES = YES;
				CLANG_WARN_SUSPICIOUS_MOVE = YES;
				CLANG_WARN_UNGUARDED_AVAILABILITY = YES_AGGRESSIVE;
				CLANG_WARN_UNREACHABLE_CODE = YES;
				CLANG_WARN__DUPLICATE_METHOD_MATCH = YES;
				COPY_PHASE_STRIP = NO;
				DEBUG_INFORMATION_FORMAT = dwarf;
				ENABLE_STRICT_OBJC_MSGSEND = YES;
				ENABLE_TESTABILITY = YES;
				GCC_C_LANGUAGE_STANDARD = gnu11;
				GCC_DYNAMIC_NO_PIC = NO;
				GCC_NO_COMMON_BLOCKS = YES;
				GCC_OPTIMIZATION_LEVEL = 0;
				GCC_PREPROCESSOR_DEFINITIONS = (
					"DEBUG=1",
					"$(inherited)",
				);
				GCC_WARN_64_TO_32_BIT_CONVERSION = YES;
				GCC_WARN_ABOUT_RETURN_TYPE = YES_ERROR;
				GCC_WARN_UNDECLARED_SELECTOR = YES;
				GCC_WARN_UNINITIALIZED_AUTOS = YES_AGGRESSIVE;
				GCC_WARN_UNUSED_FUNCTION = YES;
				GCC_WARN_UNUSED_VARIABLE = YES;
				IPHONEOS_DEPLOYMENT_TARGET = 16.4;
				MTL_ENABLE_DEBUG_INFO = INCLUDE_SOURCE;
				MTL_FAST_MATH = YES;
				ONLY_ACTIVE_ARCH = YES;
				SDKROOT = iphoneos;
				SWIFT_ACTIVE_COMPILATION_CONDITIONS = DEBUG;
				SWIFT_OPTIMIZATION_LEVEL = "-Onone";
			};
			name = Debug;
		};
		C00F2DFD2A7CBAAD004729B9 /* Release */ = {
			isa = XCBuildConfiguration;
			buildSettings = {
				ALWAYS_SEARCH_USER_PATHS = NO;
				CLANG_ANALYZER_NONNULL = YES;
				CLANG_ANALYZER_NUMBER_OBJECT_CONVERSION = YES_AGGRESSIVE;
				CLANG_CXX_LANGUAGE_STANDARD = "gnu++20";
				CLANG_ENABLE_MODULES = YES;
				CLANG_ENABLE_OBJC_ARC = YES;
				CLANG_ENABLE_OBJC_WEAK = YES;
				CLANG_WARN_BLOCK_CAPTURE_AUTORELEASING = YES;
				CLANG_WARN_BOOL_CONVERSION = YES;
				CLANG_WARN_COMMA = YES;
				CLANG_WARN_CONSTANT_CONVERSION = YES;
				CLANG_WARN_DEPRECATED_OBJC_IMPLEMENTATIONS = YES;
				CLANG_WARN_DIRECT_OBJC_ISA_USAGE = YES_ERROR;
				CLANG_WARN_DOCUMENTATION_COMMENTS = YES;
				CLANG_WARN_EMPTY_BODY = YES;
				CLANG_WARN_ENUM_CONVERSION = YES;
				CLANG_WARN_INFINITE_RECURSION = YES;
				CLANG_WARN_INT_CONVERSION = YES;
				CLANG_WARN_NON_LITERAL_NULL_CONVERSION = YES;
				CLANG_WARN_OBJC_IMPLICIT_RETAIN_SELF = YES;
				CLANG_WARN_OBJC_LITERAL_CONVERSION = YES;
				CLANG_WARN_OBJC_ROOT_CLASS = YES_ERROR;
				CLANG_WARN_QUOTED_INCLUDE_IN_FRAMEWORK_HEADER = YES;
				CLANG_WARN_RANGE_LOOP_ANALYSIS = YES;
				CLANG_WARN_STRICT_PROTOTYPES = YES;
				CLANG_WARN_SUSPICIOUS_MOVE = YES;
				CLANG_WARN_UNGUARDED_AVAILABILITY = YES_AGGRESSIVE;
				CLANG_WARN_UNREACHABLE_CODE = YES;
				CLANG_WARN__DUPLICATE_METHOD_MATCH = YES;
				COPY_PHASE_STRIP = NO;
				DEBUG_INFORMATION_FORMAT = "dwarf-with-dsym";
				ENABLE_NS_ASSERTIONS = NO;
				ENABLE_STRICT_OBJC_MSGSEND = YES;
				GCC_C_LANGUAGE_STANDARD = gnu11;
				GCC_NO_COMMON_BLOCKS = YES;
				GCC_WARN_64_TO_32_BIT_CONVERSION = YES;
				GCC_WARN_ABOUT_RETURN_TYPE = YES_ERROR;
				GCC_WARN_UNDECLARED_SELECTOR = YES;
				GCC_WARN_UNINITIALIZED_AUTOS = YES_AGGRESSIVE;
				GCC_WARN_UNUSED_FUNCTION = YES;
				GCC_WARN_UNUSED_VARIABLE = YES;
				IPHONEOS_DEPLOYMENT_TARGET = 16.4;
				MTL_ENABLE_DEBUG_INFO = NO;
				MTL_FAST_MATH = YES;
				SDKROOT = iphoneos;
				SWIFT_COMPILATION_MODE = wholemodule;
				SWIFT_OPTIMIZATION_LEVEL = "-O";
				VALIDATE_PRODUCT = YES;
			};
			name = Release;
		};
		C00F2DFF2A7CBAAD004729B9 /* Debug */ = {
			isa = XCBuildConfiguration;
			buildSettings = {
				ASSETCATALOG_COMPILER_APPICON_NAME = AppIcon;
				ASSETCATALOG_COMPILER_GLOBAL_ACCENT_COLOR_NAME = AccentColor;
				CODE_SIGN_STYLE = Automatic;
				CURRENT_PROJECT_VERSION = 1;
				DEVELOPMENT_TEAM = SV3K237PCX;
				GENERATE_INFOPLIST_FILE = YES;
				INFOPLIST_FILE = Recap/Info.plist;
				INFOPLIST_KEY_UIApplicationSupportsIndirectInputEvents = YES;
				INFOPLIST_KEY_UILaunchStoryboardName = LaunchScreen;
				INFOPLIST_KEY_UIMainStoryboardFile = Main;
				INFOPLIST_KEY_UISupportedInterfaceOrientations = UIInterfaceOrientationPortrait;
				INFOPLIST_KEY_UISupportedInterfaceOrientations_iPad = "UIInterfaceOrientationLandscapeLeft UIInterfaceOrientationLandscapeRight UIInterfaceOrientationPortrait UIInterfaceOrientationPortraitUpsideDown";
				IPHONEOS_DEPLOYMENT_TARGET = 15.0;
				LD_RUNPATH_SEARCH_PATHS = (
					"$(inherited)",
					"@executable_path/Frameworks",
				);
				MARKETING_VERSION = 1.0;
				PRODUCT_BUNDLE_IDENTIFIER = com.study.Recap;
				PRODUCT_NAME = "$(TARGET_NAME)";
				SWIFT_EMIT_LOC_STRINGS = YES;
				SWIFT_VERSION = 5.0;
				TARGETED_DEVICE_FAMILY = "1,2";
			};
			name = Debug;
		};
		C00F2E002A7CBAAD004729B9 /* Release */ = {
			isa = XCBuildConfiguration;
			buildSettings = {
				ASSETCATALOG_COMPILER_APPICON_NAME = AppIcon;
				ASSETCATALOG_COMPILER_GLOBAL_ACCENT_COLOR_NAME = AccentColor;
				CODE_SIGN_STYLE = Automatic;
				CURRENT_PROJECT_VERSION = 1;
				DEVELOPMENT_TEAM = SV3K237PCX;
				GENERATE_INFOPLIST_FILE = YES;
				INFOPLIST_FILE = Recap/Info.plist;
				INFOPLIST_KEY_UIApplicationSupportsIndirectInputEvents = YES;
				INFOPLIST_KEY_UILaunchStoryboardName = LaunchScreen;
				INFOPLIST_KEY_UIMainStoryboardFile = Main;
				INFOPLIST_KEY_UISupportedInterfaceOrientations = UIInterfaceOrientationPortrait;
				INFOPLIST_KEY_UISupportedInterfaceOrientations_iPad = "UIInterfaceOrientationLandscapeLeft UIInterfaceOrientationLandscapeRight UIInterfaceOrientationPortrait UIInterfaceOrientationPortraitUpsideDown";
				IPHONEOS_DEPLOYMENT_TARGET = 15.0;
				LD_RUNPATH_SEARCH_PATHS = (
					"$(inherited)",
					"@executable_path/Frameworks",
				);
				MARKETING_VERSION = 1.0;
				PRODUCT_BUNDLE_IDENTIFIER = com.study.Recap;
				PRODUCT_NAME = "$(TARGET_NAME)";
				SWIFT_EMIT_LOC_STRINGS = YES;
				SWIFT_VERSION = 5.0;
				TARGETED_DEVICE_FAMILY = "1,2";
			};
			name = Release;
		};
/* End XCBuildConfiguration section */

/* Begin XCConfigurationList section */
		C00F2DE52A7CBAAC004729B9 /* Build configuration list for PBXProject "Recap" */ = {
			isa = XCConfigurationList;
			buildConfigurations = (
				C00F2DFC2A7CBAAD004729B9 /* Debug */,
				C00F2DFD2A7CBAAD004729B9 /* Release */,
			);
			defaultConfigurationIsVisible = 0;
			defaultConfigurationName = Release;
		};
		C00F2DFE2A7CBAAD004729B9 /* Build configuration list for PBXNativeTarget "Recap" */ = {
			isa = XCConfigurationList;
			buildConfigurations = (
				C00F2DFF2A7CBAAD004729B9 /* Debug */,
				C00F2E002A7CBAAD004729B9 /* Release */,
			);
			defaultConfigurationIsVisible = 0;
			defaultConfigurationName = Release;
		};
/* End XCConfigurationList section */
	};
	rootObject = C00F2DE22A7CBAAC004729B9 /* Project object */;
}
